
Microsoft Visual Studio Solution File, Format Version 12.00
# Visual Studio Version 16
VisualStudioVersion = 25.0.1704.3
MinimumVisualStudioVersion = 10.0.40219.1
Project("{FAE04EC0-301F-11D3-BF4B-00C04F79EFBC}") = "CurrencyConverter", "CurrencyConverter.csproj", "{4D2A3914-D3BC-421B-B00E-B14DDE72FE94}"
EndProject
Global
	GlobalSection(SolutionConfigurationPlatforms) = preSolution
		Debug|Any CPU = Debug|Any CPU
		Release|Any CPU = Release|Any CPU
	EndGlobalSection
	GlobalSection(ProjectConfigurationPlatforms) = postSolution
		{4D2A3914-D3BC-421B-B00E-B14DDE72FE94}.Debug|Any CPU.ActiveCfg = Debug|Any CPU
		{4D2A3914-D3BC-421B-B00E-B14DDE72FE94}.Debug|Any CPU.Build.0 = Debug|Any CPU
		{4D2A3914-D3BC-421B-B00E-B14DDE72FE94}.Release|Any CPU.ActiveCfg = Release|Any CPU
		{4D2A3914-D3BC-421B-B00E-B14DDE72FE94}.Release|Any CPU.Build.0 = Release|Any CPU
	EndGlobalSection
	GlobalSection(SolutionProperties) = preSolution
		HideSolutionNode = FALSE
	EndGlobalSection
	GlobalSection(ExtensibilityGlobals) = postSolution
		SolutionGuid = {6D1DD966-ABA5-4C32-B4B7-CE66EB3A3E05}
	EndGlobalSection
EndGlobal
